// !$*UTF8*$!
{
	archiveVersion = 1;
	classes = {
	};
	objectVersion = 50;
	objects = {

/* Begin PBXBuildFile section */
		32F96FD5BF2F67673769D467 /* Pods_Final_Project_Retry.framework in Frameworks */ = {isa = PBXBuildFile; fileRef = AD344C87F2F2307190245E5F /* Pods_Final_Project_Retry.framework */; };
		375FE6C32107E47A000EC53F /* AppDelegate.swift in Sources */ = {isa = PBXBuildFile; fileRef = 375FE6C22107E47A000EC53F /* AppDelegate.swift */; };
		375FE6C52107E47A000EC53F /* HomeScreenViewController.swift in Sources */ = {isa = PBXBuildFile; fileRef = 375FE6C42107E47A000EC53F /* HomeScreenViewController.swift */; };
		375FE6C82107E47A000EC53F /* Main.storyboard in Resources */ = {isa = PBXBuildFile; fileRef = 375FE6C62107E47A000EC53F /* Main.storyboard */; };
		375FE6CB2107E47A000EC53F /* Final_Project_Retry.xcdatamodeld in Sources */ = {isa = PBXBuildFile; fileRef = 375FE6C92107E47A000EC53F /* Final_Project_Retry.xcdatamodeld */; };
		375FE6CD2107E47B000EC53F /* Assets.xcassets in Resources */ = {isa = PBXBuildFile; fileRef = 375FE6CC2107E47B000EC53F /* Assets.xcassets */; };
		375FE6D02107E47B000EC53F /* LaunchScreen.storyboard in Resources */ = {isa = PBXBuildFile; fileRef = 375FE6CE2107E47B000EC53F /* LaunchScreen.storyboard */; };
		375FE6DB2107E47B000EC53F /* Final_Project_RetryTests.swift in Sources */ = {isa = PBXBuildFile; fileRef = 375FE6DA2107E47B000EC53F /* Final_Project_RetryTests.swift */; };
		375FE6E62107E47B000EC53F /* Final_Project_RetryUITests.swift in Sources */ = {isa = PBXBuildFile; fileRef = 375FE6E52107E47B000EC53F /* Final_Project_RetryUITests.swift */; };
		375FE6F42107E59F000EC53F /* EventAdditionViewController.swift in Sources */ = {isa = PBXBuildFile; fileRef = 375FE6F32107E59F000EC53F /* EventAdditionViewController.swift */; };
		375FE6F821093583000EC53F /* EventAdditionTableViewCell.swift in Sources */ = {isa = PBXBuildFile; fileRef = 375FE6F721093583000EC53F /* EventAdditionTableViewCell.swift */; };
		37B1612E210BC66700570637 /* classDefinitions.swift in Sources */ = {isa = PBXBuildFile; fileRef = 37B1612D210BC66700570637 /* classDefinitions.swift */; };
		37B16130210E4CE800570637 /* CalendarChoiceViewController.swift in Sources */ = {isa = PBXBuildFile; fileRef = 37B1612F210E4CE700570637 /* CalendarChoiceViewController.swift */; };
		37B16132210E568E00570637 /* CalendarChoiceTableViewCells.swift in Sources */ = {isa = PBXBuildFile; fileRef = 37B16131210E568E00570637 /* CalendarChoiceTableViewCells.swift */; };
		37B16134210E73CE00570637 /* DetailViewController.swift in Sources */ = {isa = PBXBuildFile; fileRef = 37B16133210E73CE00570637 /* DetailViewController.swift */; };
		37C00A42210A87D700BBDA20 /* color notes.rtf in Resources */ = {isa = PBXBuildFile; fileRef = 37C00A41210A87D700BBDA20 /* color notes.rtf */; };
		37C00A46210A90D700BBDA20 /* Podfile.rtf in Resources */ = {isa = PBXBuildFile; fileRef = 37C00A45210A90D700BBDA20 /* Podfile.rtf */; };
		37C0AD1C210A641E00D4B33E /* EventAdditionStartTimeTableViewCell.swift in Sources */ = {isa = PBXBuildFile; fileRef = 37C0AD1B210A641E00D4B33E /* EventAdditionStartTimeTableViewCell.swift */; };
/* End PBXBuildFile section */

/* Begin PBXContainerItemProxy section */
		375FE6D72107E47B000EC53F /* PBXContainerItemProxy */ = {
			isa = PBXContainerItemProxy;
			containerPortal = 375FE6B72107E47A000EC53F /* Project object */;
			proxyType = 1;
			remoteGlobalIDString = 375FE6BE2107E47A000EC53F;
			remoteInfo = "Final Project Retry";
		};
		375FE6E22107E47B000EC53F /* PBXContainerItemProxy */ = {
			isa = PBXContainerItemProxy;
			containerPortal = 375FE6B72107E47A000EC53F /* Project object */;
			proxyType = 1;
			remoteGlobalIDString = 375FE6BE2107E47A000EC53F;
			remoteInfo = "Final Project Retry";
		};
/* End PBXContainerItemProxy section */

/* Begin PBXFileReference section */
		27FC078EF6E1F03BB77CB089 /* Pods_Final_Project_RetryUITests.framework */ = {isa = PBXFileReference; explicitFileType = wrapper.framework; includeInIndex = 0; path = Pods_Final_Project_RetryUITests.framework; sourceTree = BUILT_PRODUCTS_DIR; };
		375FE6BF2107E47A000EC53F /* Final Project Retry.app */ = {isa = PBXFileReference; explicitFileType = wrapper.application; includeInIndex = 0; path = "Final Project Retry.app"; sourceTree = BUILT_PRODUCTS_DIR; };
		375FE6C22107E47A000EC53F /* AppDelegate.swift */ = {isa = PBXFileReference; lastKnownFileType = sourcecode.swift; path = AppDelegate.swift; sourceTree = "<group>"; };
		375FE6C42107E47A000EC53F /* HomeScreenViewController.swift */ = {isa = PBXFileReference; lastKnownFileType = sourcecode.swift; path = HomeScreenViewController.swift; sourceTree = "<group>"; };
		375FE6C72107E47A000EC53F /* Base */ = {isa = PBXFileReference; lastKnownFileType = file.storyboard; name = Base; path = Base.lproj/Main.storyboard; sourceTree = "<group>"; };
		375FE6CA2107E47A000EC53F /* Final_Project_Retry.xcdatamodel */ = {isa = PBXFileReference; lastKnownFileType = wrapper.xcdatamodel; path = Final_Project_Retry.xcdatamodel; sourceTree = "<group>"; };
		375FE6CC2107E47B000EC53F /* Assets.xcassets */ = {isa = PBXFileReference; lastKnownFileType = folder.assetcatalog; path = Assets.xcassets; sourceTree = "<group>"; };
		375FE6CF2107E47B000EC53F /* Base */ = {isa = PBXFileReference; lastKnownFileType = file.storyboard; name = Base; path = Base.lproj/LaunchScreen.storyboard; sourceTree = "<group>"; };
		375FE6D12107E47B000EC53F /* Info.plist */ = {isa = PBXFileReference; lastKnownFileType = text.plist.xml; path = Info.plist; sourceTree = "<group>"; };
		375FE6D62107E47B000EC53F /* Final Project RetryTests.xctest */ = {isa = PBXFileReference; explicitFileType = wrapper.cfbundle; includeInIndex = 0; path = "Final Project RetryTests.xctest"; sourceTree = BUILT_PRODUCTS_DIR; };
		375FE6DA2107E47B000EC53F /* Final_Project_RetryTests.swift */ = {isa = PBXFileReference; lastKnownFileType = sourcecode.swift; path = Final_Project_RetryTests.swift; sourceTree = "<group>"; };
		375FE6DC2107E47B000EC53F /* Info.plist */ = {isa = PBXFileReference; lastKnownFileType = text.plist.xml; path = Info.plist; sourceTree = "<group>"; };
		375FE6E12107E47B000EC53F /* Final Project RetryUITests.xctest */ = {isa = PBXFileReference; explicitFileType = wrapper.cfbundle; includeInIndex = 0; path = "Final Project RetryUITests.xctest"; sourceTree = BUILT_PRODUCTS_DIR; };
		375FE6E52107E47B000EC53F /* Final_Project_RetryUITests.swift */ = {isa = PBXFileReference; lastKnownFileType = sourcecode.swift; path = Final_Project_RetryUITests.swift; sourceTree = "<group>"; };
		375FE6E72107E47B000EC53F /* Info.plist */ = {isa = PBXFileReference; lastKnownFileType = text.plist.xml; path = Info.plist; sourceTree = "<group>"; };
		375FE6F32107E59F000EC53F /* EventAdditionViewController.swift */ = {isa = PBXFileReference; lastKnownFileType = sourcecode.swift; path = EventAdditionViewController.swift; sourceTree = "<group>"; };
		375FE6F721093583000EC53F /* EventAdditionTableViewCell.swift */ = {isa = PBXFileReference; lastKnownFileType = sourcecode.swift; path = EventAdditionTableViewCell.swift; sourceTree = "<group>"; };
		37B1612D210BC66700570637 /* classDefinitions.swift */ = {isa = PBXFileReference; lastKnownFileType = sourcecode.swift; path = classDefinitions.swift; sourceTree = "<group>"; };
		37B1612F210E4CE700570637 /* CalendarChoiceViewController.swift */ = {isa = PBXFileReference; lastKnownFileType = sourcecode.swift; path = CalendarChoiceViewController.swift; sourceTree = "<group>"; };
		37B16131210E568E00570637 /* CalendarChoiceTableViewCells.swift */ = {isa = PBXFileReference; lastKnownFileType = sourcecode.swift; path = CalendarChoiceTableViewCells.swift; sourceTree = "<group>"; };
		37B16133210E73CE00570637 /* DetailViewController.swift */ = {isa = PBXFileReference; lastKnownFileType = sourcecode.swift; path = DetailViewController.swift; sourceTree = "<group>"; };
		37C00A41210A87D700BBDA20 /* color notes.rtf */ = {isa = PBXFileReference; lastKnownFileType = text.rtf; path = "color notes.rtf"; sourceTree = "<group>"; };
		37C00A45210A90D700BBDA20 /* Podfile.rtf */ = {isa = PBXFileReference; lastKnownFileType = text.rtf; path = Podfile.rtf; sourceTree = "<group>"; };
		37C0AD1B210A641E00D4B33E /* EventAdditionStartTimeTableViewCell.swift */ = {isa = PBXFileReference; lastKnownFileType = sourcecode.swift; path = EventAdditionStartTimeTableViewCell.swift; sourceTree = "<group>"; };
		6160BCE06BEB772BE3C1783F /* Pods-Final Project Retry.debug.xcconfig */ = {isa = PBXFileReference; includeInIndex = 1; lastKnownFileType = text.xcconfig; name = "Pods-Final Project Retry.debug.xcconfig"; path = "Pods/Target Support Files/Pods-Final Project Retry/Pods-Final Project Retry.debug.xcconfig"; sourceTree = "<group>"; };
		64A4A0A8EE3C5C1568C49615 /* Pods_Final_Project_RetryTests.framework */ = {isa = PBXFileReference; explicitFileType = wrapper.framework; includeInIndex = 0; path = Pods_Final_Project_RetryTests.framework; sourceTree = BUILT_PRODUCTS_DIR; };
		67F5FBB182815670D27B5014 /* Pods-Final Project Retry.release.xcconfig */ = {isa = PBXFileReference; includeInIndex = 1; lastKnownFileType = text.xcconfig; name = "Pods-Final Project Retry.release.xcconfig"; path = "Pods/Target Support Files/Pods-Final Project Retry/Pods-Final Project Retry.release.xcconfig"; sourceTree = "<group>"; };
		AD344C87F2F2307190245E5F /* Pods_Final_Project_Retry.framework */ = {isa = PBXFileReference; explicitFileType = wrapper.framework; includeInIndex = 0; path = Pods_Final_Project_Retry.framework; sourceTree = BUILT_PRODUCTS_DIR; };
/* End PBXFileReference section */

/* Begin PBXFrameworksBuildPhase section */
		375FE6BC2107E47A000EC53F /* Frameworks */ = {
			isa = PBXFrameworksBuildPhase;
			buildActionMask = 2147483647;
			files = (
				32F96FD5BF2F67673769D467 /* Pods_Final_Project_Retry.framework in Frameworks */,
			);
			runOnlyForDeploymentPostprocessing = 0;
		};
		375FE6D32107E47B000EC53F /* Frameworks */ = {
			isa = PBXFrameworksBuildPhase;
			buildActionMask = 2147483647;
			files = (
			);
			runOnlyForDeploymentPostprocessing = 0;
		};
		375FE6DE2107E47B000EC53F /* Frameworks */ = {
			isa = PBXFrameworksBuildPhase;
			buildActionMask = 2147483647;
			files = (
			);
			runOnlyForDeploymentPostprocessing = 0;
		};
/* End PBXFrameworksBuildPhase section */

/* Begin PBXGroup section */
		15B20DC37F2852BED0FA5500 /* Frameworks */ = {
			isa = PBXGroup;
			children = (
				AD344C87F2F2307190245E5F /* Pods_Final_Project_Retry.framework */,
				64A4A0A8EE3C5C1568C49615 /* Pods_Final_Project_RetryTests.framework */,
				27FC078EF6E1F03BB77CB089 /* Pods_Final_Project_RetryUITests.framework */,
			);
			name = Frameworks;
			sourceTree = "<group>";
		};
		375FE6B62107E47A000EC53F = {
			isa = PBXGroup;
			children = (
				37B1612D210BC66700570637 /* classDefinitions.swift */,
				37C00A45210A90D700BBDA20 /* Podfile.rtf */,
				375FE6C12107E47A000EC53F /* Final Project Retry */,
				375FE6D92107E47B000EC53F /* Final Project RetryTests */,
				375FE6E42107E47B000EC53F /* Final Project RetryUITests */,
				375FE6C02107E47A000EC53F /* Products */,
				A0A707FE8F8DB41B02A6C559 /* Pods */,
				15B20DC37F2852BED0FA5500 /* Frameworks */,
			);
			sourceTree = "<group>";
		};
		375FE6C02107E47A000EC53F /* Products */ = {
			isa = PBXGroup;
			children = (
				375FE6BF2107E47A000EC53F /* Final Project Retry.app */,
				375FE6D62107E47B000EC53F /* Final Project RetryTests.xctest */,
				375FE6E12107E47B000EC53F /* Final Project RetryUITests.xctest */,
			);
			name = Products;
			sourceTree = "<group>";
		};
		375FE6C12107E47A000EC53F /* Final Project Retry */ = {
			isa = PBXGroup;
			children = (
				375FE6C22107E47A000EC53F /* AppDelegate.swift */,
				375FE6FA210937E1000EC53F /* Views */,
				375FE6F92109379D000EC53F /* Controllers */,
				375FE6C62107E47A000EC53F /* Main.storyboard */,
				375FE6CC2107E47B000EC53F /* Assets.xcassets */,
				37C00A41210A87D700BBDA20 /* color notes.rtf */,
				375FE6CE2107E47B000EC53F /* LaunchScreen.storyboard */,
				375FE6D12107E47B000EC53F /* Info.plist */,
				375FE6C92107E47A000EC53F /* Final_Project_Retry.xcdatamodeld */,
			);
			path = "Final Project Retry";
			sourceTree = "<group>";
		};
		375FE6D92107E47B000EC53F /* Final Project RetryTests */ = {
			isa = PBXGroup;
			children = (
				375FE6DA2107E47B000EC53F /* Final_Project_RetryTests.swift */,
				375FE6DC2107E47B000EC53F /* Info.plist */,
			);
			path = "Final Project RetryTests";
			sourceTree = "<group>";
		};
		375FE6E42107E47B000EC53F /* Final Project RetryUITests */ = {
			isa = PBXGroup;
			children = (
				375FE6E52107E47B000EC53F /* Final_Project_RetryUITests.swift */,
				375FE6E72107E47B000EC53F /* Info.plist */,
			);
			path = "Final Project RetryUITests";
			sourceTree = "<group>";
		};
		375FE6F92109379D000EC53F /* Controllers */ = {
			isa = PBXGroup;
			children = (
				375FE6F32107E59F000EC53F /* EventAdditionViewController.swift */,
				375FE6C42107E47A000EC53F /* HomeScreenViewController.swift */,
				37B1612F210E4CE700570637 /* CalendarChoiceViewController.swift */,
				37B16133210E73CE00570637 /* DetailViewController.swift */,
			);
			path = Controllers;
			sourceTree = "<group>";
		};
		375FE6FA210937E1000EC53F /* Views */ = {
			isa = PBXGroup;
			children = (
				375FE6F721093583000EC53F /* EventAdditionTableViewCell.swift */,
				37B16131210E568E00570637 /* CalendarChoiceTableViewCells.swift */,
				37C0AD1B210A641E00D4B33E /* EventAdditionStartTimeTableViewCell.swift */,
			);
			path = Views;
			sourceTree = "<group>";
		};
		A0A707FE8F8DB41B02A6C559 /* Pods */ = {
			isa = PBXGroup;
			children = (
				6160BCE06BEB772BE3C1783F /* Pods-Final Project Retry.debug.xcconfig */,
				67F5FBB182815670D27B5014 /* Pods-Final Project Retry.release.xcconfig */,
			);
			name = Pods;
			sourceTree = "<group>";
		};
/* End PBXGroup section */

/* Begin PBXNativeTarget section */
		375FE6BE2107E47A000EC53F /* Final Project Retry */ = {
			isa = PBXNativeTarget;
			buildConfigurationList = 375FE6EA2107E47B000EC53F /* Build configuration list for PBXNativeTarget "Final Project Retry" */;
			buildPhases = (
				747183A07500155303D5540D /* [CP] Check Pods Manifest.lock */,
				375FE6BB2107E47A000EC53F /* Sources */,
				375FE6BC2107E47A000EC53F /* Frameworks */,
				375FE6BD2107E47A000EC53F /* Resources */,
				53865359A5E6A11B3FC2C386 /* [CP] Embed Pods Frameworks */,
				460254790548CD44E990AB1D /* [CP] Copy Pods Resources */,
			);
			buildRules = (
			);
			dependencies = (
			);
			name = "Final Project Retry";
			productName = "Final Project Retry";
			productReference = 375FE6BF2107E47A000EC53F /* Final Project Retry.app */;
			productType = "com.apple.product-type.application";
		};
		375FE6D52107E47B000EC53F /* Final Project RetryTests */ = {
			isa = PBXNativeTarget;
			buildConfigurationList = 375FE6ED2107E47B000EC53F /* Build configuration list for PBXNativeTarget "Final Project RetryTests" */;
			buildPhases = (
				375FE6D22107E47B000EC53F /* Sources */,
				375FE6D32107E47B000EC53F /* Frameworks */,
				375FE6D42107E47B000EC53F /* Resources */,
			);
			buildRules = (
			);
			dependencies = (
				375FE6D82107E47B000EC53F /* PBXTargetDependency */,
			);
			name = "Final Project RetryTests";
			productName = "Final Project RetryTests";
			productReference = 375FE6D62107E47B000EC53F /* Final Project RetryTests.xctest */;
			productType = "com.apple.product-type.bundle.unit-test";
		};
		375FE6E02107E47B000EC53F /* Final Project RetryUITests */ = {
			isa = PBXNativeTarget;
			buildConfigurationList = 375FE6F02107E47B000EC53F /* Build configuration list for PBXNativeTarget "Final Project RetryUITests" */;
			buildPhases = (
				375FE6DD2107E47B000EC53F /* Sources */,
				375FE6DE2107E47B000EC53F /* Frameworks */,
				375FE6DF2107E47B000EC53F /* Resources */,
			);
			buildRules = (
			);
			dependencies = (
				375FE6E32107E47B000EC53F /* PBXTargetDependency */,
			);
			name = "Final Project RetryUITests";
			productName = "Final Project RetryUITests";
			productReference = 375FE6E12107E47B000EC53F /* Final Project RetryUITests.xctest */;
			productType = "com.apple.product-type.bundle.ui-testing";
		};
/* End PBXNativeTarget section */

/* Begin PBXProject section */
		375FE6B72107E47A000EC53F /* Project object */ = {
			isa = PBXProject;
			attributes = {
				LastSwiftUpdateCheck = 0940;
				LastUpgradeCheck = 0940;
				ORGANIZATIONNAME = "Jenna Goldberg";
				TargetAttributes = {
					375FE6BE2107E47A000EC53F = {
						CreatedOnToolsVersion = 9.4.1;
					};
					375FE6D52107E47B000EC53F = {
						CreatedOnToolsVersion = 9.4.1;
						TestTargetID = 375FE6BE2107E47A000EC53F;
					};
					375FE6E02107E47B000EC53F = {
						CreatedOnToolsVersion = 9.4.1;
						TestTargetID = 375FE6BE2107E47A000EC53F;
					};
				};
			};
			buildConfigurationList = 375FE6BA2107E47A000EC53F /* Build configuration list for PBXProject "Final Project Retry" */;
			compatibilityVersion = "Xcode 9.3";
			developmentRegion = en;
			hasScannedForEncodings = 0;
			knownRegions = (
				en,
				Base,
			);
			mainGroup = 375FE6B62107E47A000EC53F;
			productRefGroup = 375FE6C02107E47A000EC53F /* Products */;
			projectDirPath = "";
			projectRoot = "";
			targets = (
				375FE6BE2107E47A000EC53F /* Final Project Retry */,
				375FE6D52107E47B000EC53F /* Final Project RetryTests */,
				375FE6E02107E47B000EC53F /* Final Project RetryUITests */,
			);
		};
/* End PBXProject section */

/* Begin PBXResourcesBuildPhase section */
		375FE6BD2107E47A000EC53F /* Resources */ = {
			isa = PBXResourcesBuildPhase;
			buildActionMask = 2147483647;
			files = (
				375FE6D02107E47B000EC53F /* LaunchScreen.storyboard in Resources */,
				37C00A42210A87D700BBDA20 /* color notes.rtf in Resources */,
				375FE6CD2107E47B000EC53F /* Assets.xcassets in Resources */,
				375FE6C82107E47A000EC53F /* Main.storyboard in Resources */,
				37C00A46210A90D700BBDA20 /* Podfile.rtf in Resources */,
			);
			runOnlyForDeploymentPostprocessing = 0;
		};
		375FE6D42107E47B000EC53F /* Resources */ = {
			isa = PBXResourcesBuildPhase;
			buildActionMask = 2147483647;
			files = (
			);
			runOnlyForDeploymentPostprocessing = 0;
		};
		375FE6DF2107E47B000EC53F /* Resources */ = {
			isa = PBXResourcesBuildPhase;
			buildActionMask = 2147483647;
			files = (
			);
			runOnlyForDeploymentPostprocessing = 0;
		};
/* End PBXResourcesBuildPhase section */

/* Begin PBXShellScriptBuildPhase section */
		460254790548CD44E990AB1D /* [CP] Copy Pods Resources */ = {
			isa = PBXShellScriptBuildPhase;
			buildActionMask = 2147483647;
			files = (
			);
			inputPaths = (
				"${SRCROOT}/Pods/Target Support Files/Pods-Final Project Retry/Pods-Final Project Retry-resources.sh",
				"${PODS_ROOT}/GoogleSignIn/Resources/GoogleSignIn.bundle",
			);
			name = "[CP] Copy Pods Resources";
			outputPaths = (
				"${TARGET_BUILD_DIR}/${UNLOCALIZED_RESOURCES_FOLDER_PATH}/GoogleSignIn.bundle",
			);
			runOnlyForDeploymentPostprocessing = 0;
			shellPath = /bin/sh;
			shellScript = "\"${SRCROOT}/Pods/Target Support Files/Pods-Final Project Retry/Pods-Final Project Retry-resources.sh\"\n";
			showEnvVarsInLog = 0;
		};
		53865359A5E6A11B3FC2C386 /* [CP] Embed Pods Frameworks */ = {
			isa = PBXShellScriptBuildPhase;
			buildActionMask = 2147483647;
			files = (
			);
			inputPaths = (
				"${SRCROOT}/Pods/Target Support Files/Pods-Final Project Retry/Pods-Final Project Retry-frameworks.sh",
				"${BUILT_PRODUCTS_DIR}/Alamofire/Alamofire.framework",
				"${BUILT_PRODUCTS_DIR}/GTMOAuth2/GTMOAuth2.framework",
				"${BUILT_PRODUCTS_DIR}/GTMSessionFetcher/GTMSessionFetcher.framework",
				"${BUILT_PRODUCTS_DIR}/GoogleAPIClientForREST/GoogleAPIClientForREST.framework",
				"${BUILT_PRODUCTS_DIR}/GoogleToolboxForMac/GoogleToolboxForMac.framework",
			);
			name = "[CP] Embed Pods Frameworks";
			outputPaths = (
				"${TARGET_BUILD_DIR}/${FRAMEWORKS_FOLDER_PATH}/Alamofire.framework",
				"${TARGET_BUILD_DIR}/${FRAMEWORKS_FOLDER_PATH}/GTMOAuth2.framework",
				"${TARGET_BUILD_DIR}/${FRAMEWORKS_FOLDER_PATH}/GTMSessionFetcher.framework",
				"${TARGET_BUILD_DIR}/${FRAMEWORKS_FOLDER_PATH}/GoogleAPIClientForREST.framework",
				"${TARGET_BUILD_DIR}/${FRAMEWORKS_FOLDER_PATH}/GoogleToolboxForMac.framework",
			);
			runOnlyForDeploymentPostprocessing = 0;
			shellPath = /bin/sh;
			shellScript = "\"${SRCROOT}/Pods/Target Support Files/Pods-Final Project Retry/Pods-Final Project Retry-frameworks.sh\"\n";
			showEnvVarsInLog = 0;
		};
		747183A07500155303D5540D /* [CP] Check Pods Manifest.lock */ = {
			isa = PBXShellScriptBuildPhase;
			buildActionMask = 2147483647;
			files = (
			);
			inputPaths = (
				"${PODS_PODFILE_DIR_PATH}/Podfile.lock",
				"${PODS_ROOT}/Manifest.lock",
			);
			name = "[CP] Check Pods Manifest.lock";
			outputPaths = (
				"$(DERIVED_FILE_DIR)/Pods-Final Project Retry-checkManifestLockResult.txt",
			);
			runOnlyForDeploymentPostprocessing = 0;
			shellPath = /bin/sh;
			shellScript = "diff \"${PODS_PODFILE_DIR_PATH}/Podfile.lock\" \"${PODS_ROOT}/Manifest.lock\" > /dev/null\nif [ $? != 0 ] ; then\n    # print error to STDERR\n    echo \"error: The sandbox is not in sync with the Podfile.lock. Run 'pod install' or update your CocoaPods installation.\" >&2\n    exit 1\nfi\n# This output is used by Xcode 'outputs' to avoid re-running this script phase.\necho \"SUCCESS\" > \"${SCRIPT_OUTPUT_FILE_0}\"\n";
			showEnvVarsInLog = 0;
		};
/* End PBXShellScriptBuildPhase section */

/* Begin PBXSourcesBuildPhase section */
		375FE6BB2107E47A000EC53F /* Sources */ = {
			isa = PBXSourcesBuildPhase;
			buildActionMask = 2147483647;
			files = (
				375FE6C52107E47A000EC53F /* HomeScreenViewController.swift in Sources */,
				375FE6F821093583000EC53F /* EventAdditionTableViewCell.swift in Sources */,
				37C0AD1C210A641E00D4B33E /* EventAdditionStartTimeTableViewCell.swift in Sources */,
				37B1612E210BC66700570637 /* classDefinitions.swift in Sources */,
				375FE6C32107E47A000EC53F /* AppDelegate.swift in Sources */,
				37B16132210E568E00570637 /* CalendarChoiceTableViewCells.swift in Sources */,
				37B16130210E4CE800570637 /* CalendarChoiceViewController.swift in Sources */,
				37B16134210E73CE00570637 /* DetailViewController.swift in Sources */,
				375FE6CB2107E47A000EC53F /* Final_Project_Retry.xcdatamodeld in Sources */,
				375FE6F42107E59F000EC53F /* EventAdditionViewController.swift in Sources */,
			);
			runOnlyForDeploymentPostprocessing = 0;
		};
		375FE6D22107E47B000EC53F /* Sources */ = {
			isa = PBXSourcesBuildPhase;
			buildActionMask = 2147483647;
			files = (
				375FE6DB2107E47B000EC53F /* Final_Project_RetryTests.swift in Sources */,
			);
			runOnlyForDeploymentPostprocessing = 0;
		};
		375FE6DD2107E47B000EC53F /* Sources */ = {
			isa = PBXSourcesBuildPhase;
			buildActionMask = 2147483647;
			files = (
				375FE6E62107E47B000EC53F /* Final_Project_RetryUITests.swift in Sources */,
			);
			runOnlyForDeploymentPostprocessing = 0;
		};
/* End PBXSourcesBuildPhase section */

/* Begin PBXTargetDependency section */
		375FE6D82107E47B000EC53F /* PBXTargetDependency */ = {
			isa = PBXTargetDependency;
			target = 375FE6BE2107E47A000EC53F /* Final Project Retry */;
			targetProxy = 375FE6D72107E47B000EC53F /* PBXContainerItemProxy */;
		};
		375FE6E32107E47B000EC53F /* PBXTargetDependency */ = {
			isa = PBXTargetDependency;
			target = 375FE6BE2107E47A000EC53F /* Final Project Retry */;
			targetProxy = 375FE6E22107E47B000EC53F /* PBXContainerItemProxy */;
		};
/* End PBXTargetDependency section */

/* Begin PBXVariantGroup section */
		375FE6C62107E47A000EC53F /* Main.storyboard */ = {
			isa = PBXVariantGroup;
			children = (
				375FE6C72107E47A000EC53F /* Base */,
			);
			name = Main.storyboard;
			sourceTree = "<group>";
		};
		375FE6CE2107E47B000EC53F /* LaunchScreen.storyboard */ = {
			isa = PBXVariantGroup;
			children = (
				375FE6CF2107E47B000EC53F /* Base */,
			);
			name = LaunchScreen.storyboard;
			sourceTree = "<group>";
		};
/* End PBXVariantGroup section */

/* Begin XCBuildConfiguration section */
		375FE6E82107E47B000EC53F /* Debug */ = {
			isa = XCBuildConfiguration;
			buildSettings = {
				ALWAYS_SEARCH_USER_PATHS = NO;
				CLANG_ANALYZER_NONNULL = YES;
				CLANG_ANALYZER_NUMBER_OBJECT_CONVERSION = YES_AGGRESSIVE;
				CLANG_CXX_LANGUAGE_STANDARD = "gnu++14";
				CLANG_CXX_LIBRARY = "libc++";
				CLANG_ENABLE_MODULES = YES;
				CLANG_ENABLE_OBJC_ARC = YES;
				CLANG_ENABLE_OBJC_WEAK = YES;
				CLANG_WARN_BLOCK_CAPTURE_AUTORELEASING = YES;
				CLANG_WARN_BOOL_CONVERSION = YES;
				CLANG_WARN_COMMA = YES;
				CLANG_WARN_CONSTANT_CONVERSION = YES;
				CLANG_WARN_DEPRECATED_OBJC_IMPLEMENTATIONS = YES;
				CLANG_WARN_DIRECT_OBJC_ISA_USAGE = YES_ERROR;
				CLANG_WARN_DOCUMENTATION_COMMENTS = YES;
				CLANG_WARN_EMPTY_BODY = YES;
				CLANG_WARN_ENUM_CONVERSION = YES;
				CLANG_WARN_INFINITE_RECURSION = YES;
				CLANG_WARN_INT_CONVERSION = YES;
				CLANG_WARN_NON_LITERAL_NULL_CONVERSION = YES;
				CLANG_WARN_OBJC_IMPLICIT_RETAIN_SELF = YES;
				CLANG_WARN_OBJC_LITERAL_CONVERSION = YES;
				CLANG_WARN_OBJC_ROOT_CLASS = YES_ERROR;
				CLANG_WARN_RANGE_LOOP_ANALYSIS = YES;
				CLANG_WARN_STRICT_PROTOTYPES = YES;
				CLANG_WARN_SUSPICIOUS_MOVE = YES;
				CLANG_WARN_UNGUARDED_AVAILABILITY = YES_AGGRESSIVE;
				CLANG_WARN_UNREACHABLE_CODE = YES;
				CLANG_WARN__DUPLICATE_METHOD_MATCH = YES;
				CODE_SIGN_IDENTITY = "iPhone Developer";
				COPY_PHASE_STRIP = NO;
				DEBUG_INFORMATION_FORMAT = dwarf;
				ENABLE_STRICT_OBJC_MSGSEND = YES;
				ENABLE_TESTABILITY = YES;
				GCC_C_LANGUAGE_STANDARD = gnu11;
				GCC_DYNAMIC_NO_PIC = NO;
				GCC_NO_COMMON_BLOCKS = YES;
				GCC_OPTIMIZATION_LEVEL = 0;
				GCC_PREPROCESSOR_DEFINITIONS = (
					"DEBUG=1",
					"$(inherited)",
				);
				GCC_WARN_64_TO_32_BIT_CONVERSION = YES;
				GCC_WARN_ABOUT_RETURN_TYPE = YES_ERROR;
				GCC_WARN_UNDECLARED_SELECTOR = YES;
				GCC_WARN_UNINITIALIZED_AUTOS = YES_AGGRESSIVE;
				GCC_WARN_UNUSED_FUNCTION = YES;
				GCC_WARN_UNUSED_VARIABLE = YES;
				IPHONEOS_DEPLOYMENT_TARGET = 11.4;
				MTL_ENABLE_DEBUG_INFO = YES;
				ONLY_ACTIVE_ARCH = YES;
				SDKROOT = iphoneos;
				SWIFT_ACTIVE_COMPILATION_CONDITIONS = DEBUG;
				SWIFT_OPTIMIZATION_LEVEL = "-Onone";
			};
			name = Debug;
		};
		375FE6E92107E47B000EC53F /* Release */ = {
			isa = XCBuildConfiguration;
			buildSettings = {
				ALWAYS_SEARCH_USER_PATHS = NO;
				CLANG_ANALYZER_NONNULL = YES;
				CLANG_ANALYZER_NUMBER_OBJECT_CONVERSION = YES_AGGRESSIVE;
				CLANG_CXX_LANGUAGE_STANDARD = "gnu++14";
				CLANG_CXX_LIBRARY = "libc++";
				CLANG_ENABLE_MODULES = YES;
				CLANG_ENABLE_OBJC_ARC = YES;
				CLANG_ENABLE_OBJC_WEAK = YES;
				CLANG_WARN_BLOCK_CAPTURE_AUTORELEASING = YES;
				CLANG_WARN_BOOL_CONVERSION = YES;
				CLANG_WARN_COMMA = YES;
				CLANG_WARN_CONSTANT_CONVERSION = YES;
				CLANG_WARN_DEPRECATED_OBJC_IMPLEMENTATIONS = YES;
				CLANG_WARN_DIRECT_OBJC_ISA_USAGE = YES_ERROR;
				CLANG_WARN_DOCUMENTATION_COMMENTS = YES;
				CLANG_WARN_EMPTY_BODY = YES;
				CLANG_WARN_ENUM_CONVERSION = YES;
				CLANG_WARN_INFINITE_RECURSION = YES;
				CLANG_WARN_INT_CONVERSION = YES;
				CLANG_WARN_NON_LITERAL_NULL_CONVERSION = YES;
				CLANG_WARN_OBJC_IMPLICIT_RETAIN_SELF = YES;
				CLANG_WARN_OBJC_LITERAL_CONVERSION = YES;
				CLANG_WARN_OBJC_ROOT_CLASS = YES_ERROR;
				CLANG_WARN_RANGE_LOOP_ANALYSIS = YES;
				CLANG_WARN_STRICT_PROTOTYPES = YES;
				CLANG_WARN_SUSPICIOUS_MOVE = YES;
				CLANG_WARN_UNGUARDED_AVAILABILITY = YES_AGGRESSIVE;
				CLANG_WARN_UNREACHABLE_CODE = YES;
				CLANG_WARN__DUPLICATE_METHOD_MATCH = YES;
				CODE_SIGN_IDENTITY = "iPhone Developer";
				COPY_PHASE_STRIP = NO;
				DEBUG_INFORMATION_FORMAT = "dwarf-with-dsym";
				ENABLE_NS_ASSERTIONS = NO;
				ENABLE_STRICT_OBJC_MSGSEND = YES;
				GCC_C_LANGUAGE_STANDARD = gnu11;
				GCC_NO_COMMON_BLOCKS = YES;
				GCC_WARN_64_TO_32_BIT_CONVERSION = YES;
				GCC_WARN_ABOUT_RETURN_TYPE = YES_ERROR;
				GCC_WARN_UNDECLARED_SELECTOR = YES;
				GCC_WARN_UNINITIALIZED_AUTOS = YES_AGGRESSIVE;
				GCC_WARN_UNUSED_FUNCTION = YES;
				GCC_WARN_UNUSED_VARIABLE = YES;
				IPHONEOS_DEPLOYMENT_TARGET = 11.4;
				MTL_ENABLE_DEBUG_INFO = NO;
				SDKROOT = iphoneos;
				SWIFT_COMPILATION_MODE = wholemodule;
				SWIFT_OPTIMIZATION_LEVEL = "-O";
				VALIDATE_PRODUCT = YES;
			};
			name = Release;
		};
		375FE6EB2107E47B000EC53F /* Debug */ = {
			isa = XCBuildConfiguration;
			baseConfigurationReference = 6160BCE06BEB772BE3C1783F /* Pods-Final Project Retry.debug.xcconfig */;
			buildSettings = {
				ASSETCATALOG_COMPILER_APPICON_NAME = AppIcon;
				CODE_SIGN_STYLE = Automatic;
				DEVELOPMENT_TEAM = F3F4ARY9B2;
				INFOPLIST_FILE = "Final Project Retry/Info.plist";
				LD_RUNPATH_SEARCH_PATHS = (
					"$(inherited)",
					"@executable_path/Frameworks",
				);
				PRODUCT_BUNDLE_IDENTIFIER = "PossumProductions.Final-Project-Retry";
				PRODUCT_NAME = "$(TARGET_NAME)";
				SWIFT_VERSION = 4.0;
				TARGETED_DEVICE_FAMILY = "1,2";
			};
			name = Debug;
		};
		375FE6EC2107E47B000EC53F /* Release */ = {
			isa = XCBuildConfiguration;
			baseConfigurationReference = 67F5FBB182815670D27B5014 /* Pods-Final Project Retry.release.xcconfig */;
			buildSettings = {
				ASSETCATALOG_COMPILER_APPICON_NAME = AppIcon;
				CODE_SIGN_STYLE = Automatic;
				DEVELOPMENT_TEAM = F3F4ARY9B2;
				INFOPLIST_FILE = "Final Project Retry/Info.plist";
				LD_RUNPATH_SEARCH_PATHS = (
					"$(inherited)",
					"@executable_path/Frameworks",
				);
				PRODUCT_BUNDLE_IDENTIFIER = "PossumProductions.Final-Project-Retry";
				PRODUCT_NAME = "$(TARGET_NAME)";
				SWIFT_VERSION = 4.0;
				TARGETED_DEVICE_FAMILY = "1,2";
			};
			name = Release;
		};
		375FE6EE2107E47B000EC53F /* Debug */ = {
			isa = XCBuildConfiguration;
			buildSettings = {
				ALWAYS_EMBED_SWIFT_STANDARD_LIBRARIES = YES;
				BUNDLE_LOADER = "$(TEST_HOST)";
				CODE_SIGN_STYLE = Automatic;
				DEVELOPMENT_TEAM = F3F4ARY9B2;
				INFOPLIST_FILE = "Final Project RetryTests/Info.plist";
				LD_RUNPATH_SEARCH_PATHS = (
					"$(inherited)",
					"@executable_path/Frameworks",
					"@loader_path/Frameworks",
				);
				PRODUCT_BUNDLE_IDENTIFIER = "PossumProductions.Final-Project-RetryTests";
				PRODUCT_NAME = "$(TARGET_NAME)";
				SWIFT_VERSION = 4.0;
				TARGETED_DEVICE_FAMILY = "1,2";
				TEST_HOST = "$(BUILT_PRODUCTS_DIR)/Final Project Retry.app/Final Project Retry";
			};
			name = Debug;
		};
		375FE6EF2107E47B000EC53F /* Release */ = {
			isa = XCBuildConfiguration;
			buildSettings = {
				ALWAYS_EMBED_SWIFT_STANDARD_LIBRARIES = YES;
				BUNDLE_LOADER = "$(TEST_HOST)";
				CODE_SIGN_STYLE = Automatic;
				DEVELOPMENT_TEAM = F3F4ARY9B2;
				INFOPLIST_FILE = "Final Project RetryTests/Info.plist";
				LD_RUNPATH_SEARCH_PATHS = (
					"$(inherited)",
					"@executable_path/Frameworks",
					"@loader_path/Frameworks",
				);
				PRODUCT_BUNDLE_IDENTIFIER = "PossumProductions.Final-Project-RetryTests";
				PRODUCT_NAME = "$(TARGET_NAME)";
				SWIFT_VERSION = 4.0;
				TARGETED_DEVICE_FAMILY = "1,2";
				TEST_HOST = "$(BUILT_PRODUCTS_DIR)/Final Project Retry.app/Final Project Retry";
			};
			name = Release;
		};
		375FE6F12107E47B000EC53F /* Debug */ = {
			isa = XCBuildConfiguration;
			buildSettings = {
				ALWAYS_EMBED_SWIFT_STANDARD_LIBRARIES = YES;
				CODE_SIGN_STYLE = Automatic;
				DEVELOPMENT_TEAM = F3F4ARY9B2;
				INFOPLIST_FILE = "Final Project RetryUITests/Info.plist";
				LD_RUNPATH_SEARCH_PATHS = (
					"$(inherited)",
					"@executable_path/Frameworks",
					"@loader_path/Frameworks",
				);
				PRODUCT_BUNDLE_IDENTIFIER = "PossumProductions.Final-Project-RetryUITests";
				PRODUCT_NAME = "$(TARGET_NAME)";
				SWIFT_VERSION = 4.0;
				TARGETED_DEVICE_FAMILY = "1,2";
				TEST_TARGET_NAME = "Final Project Retry";
			};
			name = Debug;
		};
		375FE6F22107E47B000EC53F /* Release */ = {
			isa = XCBuildConfiguration;
			buildSettings = {
				ALWAYS_EMBED_SWIFT_STANDARD_LIBRARIES = YES;
				CODE_SIGN_STYLE = Automatic;
				DEVELOPMENT_TEAM = F3F4ARY9B2;
				INFOPLIST_FILE = "Final Project RetryUITests/Info.plist";
				LD_RUNPATH_SEARCH_PATHS = (
					"$(inherited)",
					"@executable_path/Frameworks",
					"@loader_path/Frameworks",
				);
				PRODUCT_BUNDLE_IDENTIFIER = "PossumProductions.Final-Project-RetryUITests";
				PRODUCT_NAME = "$(TARGET_NAME)";
				SWIFT_VERSION = 4.0;
				TARGETED_DEVICE_FAMILY = "1,2";
				TEST_TARGET_NAME = "Final Project Retry";
			};
			name = Release;
		};
/* End XCBuildConfiguration section */

/* Begin XCConfigurationList section */
		375FE6BA2107E47A000EC53F /* Build configuration list for PBXProject "Final Project Retry" */ = {
			isa = XCConfigurationList;
			buildConfigurations = (
				375FE6E82107E47B000EC53F /* Debug */,
				375FE6E92107E47B000EC53F /* Release */,
			);
			defaultConfigurationIsVisible = 0;
			defaultConfigurationName = Release;
		};
		375FE6EA2107E47B000EC53F /* Build configuration list for PBXNativeTarget "Final Project Retry" */ = {
			isa = XCConfigurationList;
			buildConfigurations = (
				375FE6EB2107E47B000EC53F /* Debug */,
				375FE6EC2107E47B000EC53F /* Release */,
			);
			defaultConfigurationIsVisible = 0;
			defaultConfigurationName = Release;
		};
		375FE6ED2107E47B000EC53F /* Build configuration list for PBXNativeTarget "Final Project RetryTests" */ = {
			isa = XCConfigurationList;
			buildConfigurations = (
				375FE6EE2107E47B000EC53F /* Debug */,
				375FE6EF2107E47B000EC53F /* Release */,
			);
			defaultConfigurationIsVisible = 0;
			defaultConfigurationName = Release;
		};
		375FE6F02107E47B000EC53F /* Build configuration list for PBXNativeTarget "Final Project RetryUITests" */ = {
			isa = XCConfigurationList;
			buildConfigurations = (
				375FE6F12107E47B000EC53F /* Debug */,
				375FE6F22107E47B000EC53F /* Release */,
			);
			defaultConfigurationIsVisible = 0;
			defaultConfigurationName = Release;
		};
/* End XCConfigurationList section */

/* Begin XCVersionGroup section */
		375FE6C92107E47A000EC53F /* Final_Project_Retry.xcdatamodeld */ = {
			isa = XCVersionGroup;
			children = (
				375FE6CA2107E47A000EC53F /* Final_Project_Retry.xcdatamodel */,
			);
			currentVersion = 375FE6CA2107E47A000EC53F /* Final_Project_Retry.xcdatamodel */;
			path = Final_Project_Retry.xcdatamodeld;
			sourceTree = "<group>";
			versionGroupType = wrapper.xcdatamodel;
		};
/* End XCVersionGroup section */
	};
	rootObject = 375FE6B72107E47A000EC53F /* Project object */;
}
